
Microsoft Visual Studio Solution File, Format Version 12.00
# Visual Studio Version 17
VisualStudioVersion = 17.13.35919.96 d17.13
MinimumVisualStudioVersion = 10.0.40219.1
Project("{FAE04EC0-301F-11D3-BF4B-00C04F79EFBC}") = "Variant2", "Variant2.csproj", "{A699964E-567B-4F26-8169-B9C45ABE536C}"
EndProject
Global
	GlobalSection(SolutionConfigurationPlatforms) = preSolution
		Debug|Any CPU = Debug|Any CPU
		Release|Any CPU = Release|Any CPU
	EndGlobalSection
	GlobalSection(ProjectConfigurationPlatforms) = postSolution
		{A699964E-567B-4F26-8169-B9C45ABE536C}.Debug|Any CPU.ActiveCfg = Debug|Any CPU
		{A699964E-567B-4F26-8169-B9C45ABE536C}.Debug|Any CPU.Build.0 = Debug|Any CPU
		{A699964E-567B-4F26-8169-B9C45ABE536C}.Release|Any CPU.ActiveCfg = Release|Any CPU
		{A699964E-567B-4F26-8169-B9C45ABE536C}.Release|Any CPU.Build.0 = Release|Any CPU
	EndGlobalSection
	GlobalSection(SolutionProperties) = preSolution
		HideSolutionNode = FALSE
	EndGlobalSection
	GlobalSection(ExtensibilityGlobals) = postSolution
		SolutionGuid = {27F84267-0B10-47F2-B7FE-B65A142F6BF1}
	EndGlobalSection
EndGlobal
